
Microsoft Visual Studio Solution File, Format Version 12.00
Project("{FAE04EC0-301F-11D3-BF4B-00C04F79EFBC}") = "Server", "Server\Server.csproj", "{9A2A0C5F-45DE-4235-BA76-444D8B9EB8B3}"
EndProject
Project("{FAE04EC0-301F-11D3-BF4B-00C04F79EFBC}") = "Networking", "Networking\Networking.csproj", "{3B0906BD-C3A5-4BDB-987E-D2F4627D63B7}"
EndProject
Project("{FAE04EC0-301F-11D3-BF4B-00C04F79EFBC}") = "Repository", "Repository\Repository.csproj", "{40EC0283-2BAF-4164-9559-E87EA88679FC}"
EndProject
Project("{FAE04EC0-301F-11D3-BF4B-00C04F79EFBC}") = "Service", "Service\Service.csproj", "{00489D24-0876-4BB2-A5AB-8E706F11A9F6}"
EndProject
Project("{2150E333-8FDC-42A3-9474-1A3956D46DE8}") = "App", "App", "{A656505D-5764-4250-A092-CFCA2D3214FA}"
EndProject
Project("{2150E333-8FDC-42A3-9474-1A3956D46DE8}") = "Net", "Net", "{B39EA229-5B1A-4412-BAA0-E6C5554E04C0}"
EndProject
Project("{FAE04EC0-301F-11D3-BF4B-00C04F79EFBC}") = "Domain", "Domain\Domain.csproj", "{EA1CDCFA-909B-4000-8FC4-46012D4A994E}"
EndProject
Project("{FAE04EC0-301F-11D3-BF4B-00C04F79EFBC}") = "Client", "Client\Client.csproj", "{C9269CE8-174B-4128-869A-36E31C4E2037}"
EndProject
Global
	GlobalSection(SolutionConfigurationPlatforms) = preSolution
		Debug|Any CPU = Debug|Any CPU
		Release|Any CPU = Release|Any CPU
	EndGlobalSection
	GlobalSection(ProjectConfigurationPlatforms) = postSolution
		{9A2A0C5F-45DE-4235-BA76-444D8B9EB8B3}.Debug|Any CPU.ActiveCfg = Debug|Any CPU
		{9A2A0C5F-45DE-4235-BA76-444D8B9EB8B3}.Debug|Any CPU.Build.0 = Debug|Any CPU
		{9A2A0C5F-45DE-4235-BA76-444D8B9EB8B3}.Release|Any CPU.ActiveCfg = Release|Any CPU
		{9A2A0C5F-45DE-4235-BA76-444D8B9EB8B3}.Release|Any CPU.Build.0 = Release|Any CPU
		{3B0906BD-C3A5-4BDB-987E-D2F4627D63B7}.Debug|Any CPU.ActiveCfg = Debug|Any CPU
		{3B0906BD-C3A5-4BDB-987E-D2F4627D63B7}.Debug|Any CPU.Build.0 = Debug|Any CPU
		{3B0906BD-C3A5-4BDB-987E-D2F4627D63B7}.Release|Any CPU.ActiveCfg = Release|Any CPU
		{3B0906BD-C3A5-4BDB-987E-D2F4627D63B7}.Release|Any CPU.Build.0 = Release|Any CPU
		{40EC0283-2BAF-4164-9559-E87EA88679FC}.Debug|Any CPU.ActiveCfg = Debug|Any CPU
		{40EC0283-2BAF-4164-9559-E87EA88679FC}.Debug|Any CPU.Build.0 = Debug|Any CPU
		{40EC0283-2BAF-4164-9559-E87EA88679FC}.Release|Any CPU.ActiveCfg = Release|Any CPU
		{40EC0283-2BAF-4164-9559-E87EA88679FC}.Release|Any CPU.Build.0 = Release|Any CPU
		{00489D24-0876-4BB2-A5AB-8E706F11A9F6}.Debug|Any CPU.ActiveCfg = Debug|Any CPU
		{00489D24-0876-4BB2-A5AB-8E706F11A9F6}.Debug|Any CPU.Build.0 = Debug|Any CPU
		{00489D24-0876-4BB2-A5AB-8E706F11A9F6}.Release|Any CPU.ActiveCfg = Release|Any CPU
		{00489D24-0876-4BB2-A5AB-8E706F11A9F6}.Release|Any CPU.Build.0 = Release|Any CPU
		{EA1CDCFA-909B-4000-8FC4-46012D4A994E}.Debug|Any CPU.ActiveCfg = Debug|Any CPU
		{EA1CDCFA-909B-4000-8FC4-46012D4A994E}.Debug|Any CPU.Build.0 = Debug|Any CPU
		{EA1CDCFA-909B-4000-8FC4-46012D4A994E}.Release|Any CPU.ActiveCfg = Release|Any CPU
		{EA1CDCFA-909B-4000-8FC4-46012D4A994E}.Release|Any CPU.Build.0 = Release|Any CPU
		{C9269CE8-174B-4128-869A-36E31C4E2037}.Debug|Any CPU.ActiveCfg = Debug|Any CPU
		{C9269CE8-174B-4128-869A-36E31C4E2037}.Debug|Any CPU.Build.0 = Debug|Any CPU
		{C9269CE8-174B-4128-869A-36E31C4E2037}.Release|Any CPU.ActiveCfg = Release|Any CPU
		{C9269CE8-174B-4128-869A-36E31C4E2037}.Release|Any CPU.Build.0 = Release|Any CPU
	EndGlobalSection
	GlobalSection(NestedProjects) = preSolution
		{00489D24-0876-4BB2-A5AB-8E706F11A9F6} = {A656505D-5764-4250-A092-CFCA2D3214FA}
		{40EC0283-2BAF-4164-9559-E87EA88679FC} = {A656505D-5764-4250-A092-CFCA2D3214FA}
		{9A2A0C5F-45DE-4235-BA76-444D8B9EB8B3} = {B39EA229-5B1A-4412-BAA0-E6C5554E04C0}
		{3B0906BD-C3A5-4BDB-987E-D2F4627D63B7} = {B39EA229-5B1A-4412-BAA0-E6C5554E04C0}
		{EA1CDCFA-909B-4000-8FC4-46012D4A994E} = {A656505D-5764-4250-A092-CFCA2D3214FA}
		{C9269CE8-174B-4128-869A-36E31C4E2037} = {B39EA229-5B1A-4412-BAA0-E6C5554E04C0}
	EndGlobalSection
EndGlobal
